
Microsoft Visual Studio Solution File, Format Version 12.00
# Visual Studio 14
VisualStudioVersion = 14.0.23107.0
MinimumVisualStudioVersion = 10.0.40219.1
Project("{FAE04EC0-301F-11D3-BF4B-00C04F79EFBC}") = "_6tactics.Cms.Web", "_6tactics.Cms.Web\_6tactics.Cms.Web.csproj", "{48D34143-6E57-4FAE-81B5-2B413D1E62ED}"
EndProject
Project("{FAE04EC0-301F-11D3-BF4B-00C04F79EFBC}") = "_DataAccess", "_DataAccess\_DataAccess.csproj", "{DF32FB8E-0574-4D99-BB35-7104696064F2}"
EndProject
Project("{FAE04EC0-301F-11D3-BF4B-00C04F79EFBC}") = "_6tactics.Cms.Core", "_6tactics.Cms.Core\_6tactics.Cms.Core.csproj", "{40BCFD5C-967A-46E9-BF57-EF89414C5B48}"
EndProject
Project("{FAE04EC0-301F-11D3-BF4B-00C04F79EFBC}") = "_6tactics.Utilities", "_6tactics.Utilities\_6tactics.Utilities.csproj", "{F46D7AF0-F7F8-42F0-B80E-D41982D12D55}"
EndProject
Project("{FAE04EC0-301F-11D3-BF4B-00C04F79EFBC}") = "_6tactics.Cms.Services", "_6tactics.Cms.Services\_6tactics.Cms.Services.csproj", "{61CBE19B-9685-48CF-9EF5-5F0303C1768D}"
EndProject
Project("{2150E333-8FDC-42A3-9474-1A3956D46DE8}") = "Solution Items", "Solution Items", "{F14E1279-8ED5-4492-AA39-0088F0E22EA9}"
	ProjectSection(SolutionItems) = preProject
		WE-browsers.xml = WE-browsers.xml
		WebEssentials2015-Settings.json = WebEssentials2015-Settings.json
	EndProjectSection
EndProject
Project("{FAE04EC0-301F-11D3-BF4B-00C04F79EFBC}") = "_6tactics.AspIdentity", "_6tactics.AspIdentity\_6tactics.AspIdentity.csproj", "{583B0ACF-090D-45A1-8AF7-E45E725D2990}"
EndProject
Project("{FAE04EC0-301F-11D3-BF4B-00C04F79EFBC}") = "_6tactics.SimpleCaptcha", "_6tactics.SimpleCaptcha\_6tactics.SimpleCaptcha.csproj", "{AA596B10-7C21-4A31-98D6-AB82DA65ED0D}"
EndProject
Global
	GlobalSection(SolutionConfigurationPlatforms) = preSolution
		Debug|Any CPU = Debug|Any CPU
		Debug|x86 = Debug|x86
		Release|Any CPU = Release|Any CPU
		Release|x86 = Release|x86
	EndGlobalSection
	GlobalSection(ProjectConfigurationPlatforms) = postSolution
		{48D34143-6E57-4FAE-81B5-2B413D1E62ED}.Debug|Any CPU.ActiveCfg = Debug|Any CPU
		{48D34143-6E57-4FAE-81B5-2B413D1E62ED}.Debug|Any CPU.Build.0 = Debug|Any CPU
		{48D34143-6E57-4FAE-81B5-2B413D1E62ED}.Debug|x86.ActiveCfg = Debug|Any CPU
		{48D34143-6E57-4FAE-81B5-2B413D1E62ED}.Release|Any CPU.ActiveCfg = Release|Any CPU
		{48D34143-6E57-4FAE-81B5-2B413D1E62ED}.Release|Any CPU.Build.0 = Release|Any CPU
		{48D34143-6E57-4FAE-81B5-2B413D1E62ED}.Release|x86.ActiveCfg = Release|Any CPU
		{DF32FB8E-0574-4D99-BB35-7104696064F2}.Debug|Any CPU.ActiveCfg = Debug|Any CPU
		{DF32FB8E-0574-4D99-BB35-7104696064F2}.Debug|Any CPU.Build.0 = Debug|Any CPU
		{DF32FB8E-0574-4D99-BB35-7104696064F2}.Debug|x86.ActiveCfg = Debug|Any CPU
		{DF32FB8E-0574-4D99-BB35-7104696064F2}.Release|Any CPU.ActiveCfg = Release|Any CPU
		{DF32FB8E-0574-4D99-BB35-7104696064F2}.Release|Any CPU.Build.0 = Release|Any CPU
		{DF32FB8E-0574-4D99-BB35-7104696064F2}.Release|x86.ActiveCfg = Release|Any CPU
		{40BCFD5C-967A-46E9-BF57-EF89414C5B48}.Debug|Any CPU.ActiveCfg = Debug|Any CPU
		{40BCFD5C-967A-46E9-BF57-EF89414C5B48}.Debug|Any CPU.Build.0 = Debug|Any CPU
		{40BCFD5C-967A-46E9-BF57-EF89414C5B48}.Debug|x86.ActiveCfg = Debug|Any CPU
		{40BCFD5C-967A-46E9-BF57-EF89414C5B48}.Release|Any CPU.ActiveCfg = Release|Any CPU
		{40BCFD5C-967A-46E9-BF57-EF89414C5B48}.Release|Any CPU.Build.0 = Release|Any CPU
		{40BCFD5C-967A-46E9-BF57-EF89414C5B48}.Release|x86.ActiveCfg = Release|Any CPU
		{F46D7AF0-F7F8-42F0-B80E-D41982D12D55}.Debug|Any CPU.ActiveCfg = Debug|Any CPU
		{F46D7AF0-F7F8-42F0-B80E-D41982D12D55}.Debug|Any CPU.Build.0 = Debug|Any CPU
		{F46D7AF0-F7F8-42F0-B80E-D41982D12D55}.Debug|x86.ActiveCfg = Debug|Any CPU
		{F46D7AF0-F7F8-42F0-B80E-D41982D12D55}.Release|Any CPU.ActiveCfg = Release|Any CPU
		{F46D7AF0-F7F8-42F0-B80E-D41982D12D55}.Release|Any CPU.Build.0 = Release|Any CPU
		{F46D7AF0-F7F8-42F0-B80E-D41982D12D55}.Release|x86.ActiveCfg = Release|Any CPU
		{61CBE19B-9685-48CF-9EF5-5F0303C1768D}.Debug|Any CPU.ActiveCfg = Debug|Any CPU
		{61CBE19B-9685-48CF-9EF5-5F0303C1768D}.Debug|Any CPU.Build.0 = Debug|Any CPU
		{61CBE19B-9685-48CF-9EF5-5F0303C1768D}.Debug|x86.ActiveCfg = Debug|Any CPU
		{61CBE19B-9685-48CF-9EF5-5F0303C1768D}.Release|Any CPU.ActiveCfg = Release|Any CPU
		{61CBE19B-9685-48CF-9EF5-5F0303C1768D}.Release|Any CPU.Build.0 = Release|Any CPU
		{61CBE19B-9685-48CF-9EF5-5F0303C1768D}.Release|x86.ActiveCfg = Release|Any CPU
		{583B0ACF-090D-45A1-8AF7-E45E725D2990}.Debug|Any CPU.ActiveCfg = Debug|Any CPU
		{583B0ACF-090D-45A1-8AF7-E45E725D2990}.Debug|Any CPU.Build.0 = Debug|Any CPU
		{583B0ACF-090D-45A1-8AF7-E45E725D2990}.Debug|x86.ActiveCfg = Debug|Any CPU
		{583B0ACF-090D-45A1-8AF7-E45E725D2990}.Debug|x86.Build.0 = Debug|Any CPU
		{583B0ACF-090D-45A1-8AF7-E45E725D2990}.Release|Any CPU.ActiveCfg = Release|Any CPU
		{583B0ACF-090D-45A1-8AF7-E45E725D2990}.Release|Any CPU.Build.0 = Release|Any CPU
		{583B0ACF-090D-45A1-8AF7-E45E725D2990}.Release|x86.ActiveCfg = Release|Any CPU
		{583B0ACF-090D-45A1-8AF7-E45E725D2990}.Release|x86.Build.0 = Release|Any CPU
		{AA596B10-7C21-4A31-98D6-AB82DA65ED0D}.Debug|Any CPU.ActiveCfg = Debug|Any CPU
		{AA596B10-7C21-4A31-98D6-AB82DA65ED0D}.Debug|Any CPU.Build.0 = Debug|Any CPU
		{AA596B10-7C21-4A31-98D6-AB82DA65ED0D}.Debug|x86.ActiveCfg = Debug|Any CPU
		{AA596B10-7C21-4A31-98D6-AB82DA65ED0D}.Debug|x86.Build.0 = Debug|Any CPU
		{AA596B10-7C21-4A31-98D6-AB82DA65ED0D}.Release|Any CPU.ActiveCfg = Release|Any CPU
		{AA596B10-7C21-4A31-98D6-AB82DA65ED0D}.Release|Any CPU.Build.0 = Release|Any CPU
		{AA596B10-7C21-4A31-98D6-AB82DA65ED0D}.Release|x86.ActiveCfg = Release|Any CPU
		{AA596B10-7C21-4A31-98D6-AB82DA65ED0D}.Release|x86.Build.0 = Release|Any CPU
	EndGlobalSection
	GlobalSection(SolutionProperties) = preSolution
		HideSolutionNode = FALSE
	EndGlobalSection
EndGlobal
